// !$*UTF8*$!
{
	archiveVersion = 1;
	classes = {
	};
	objectVersion = 56;
	objects = {

/* Begin PBXBuildFile section */
		374203752A520EB700C233B6 /* AnimatedTextFieldApp.swift in Sources */ = {isa = PBXBuildFile; fileRef = 374203742A520EB700C233B6 /* AnimatedTextFieldApp.swift */; };
		374203772A520EB700C233B6 /* ContentView.swift in Sources */ = {isa = PBXBuildFile; fileRef = 374203762A520EB700C233B6 /* ContentView.swift */; };
		374203792A520EB800C233B6 /* Assets.xcassets in Resources */ = {isa = PBXBuildFile; fileRef = 374203782A520EB800C233B6 /* Assets.xcassets */; };
		3742037C2A520EB800C233B6 /* Preview Assets.xcassets in Resources */ = {isa = PBXBuildFile; fileRef = 3742037B2A520EB800C233B6 /* Preview Assets.xcassets */; };
		374203872A520F1100C233B6 /* MockHintData.swift in Sources */ = {isa = PBXBuildFile; fileRef = 374203862A520F1100C233B6 /* MockHintData.swift */; };
		374203892A52184900C233B6 /* HintsCarouselView.swift in Sources */ = {isa = PBXBuildFile; fileRef = 374203882A52184900C233B6 /* HintsCarouselView.swift */; };
		3742038B2A521B2400C233B6 /* String+.swift in Sources */ = {isa = PBXBuildFile; fileRef = 3742038A2A521B2400C233B6 /* String+.swift */; };
		3742038D2A52402C00C233B6 /* HintsTextField.swift in Sources */ = {isa = PBXBuildFile; fileRef = 3742038C2A52402C00C233B6 /* HintsTextField.swift */; };
/* End PBXBuildFile section */

/* Begin PBXFileReference section */
		374203712A520EB700C233B6 /* AnimatedTextField.app */ = {isa = PBXFileReference; explicitFileType = wrapper.application; includeInIndex = 0; path = AnimatedTextField.app; sourceTree = BUILT_PRODUCTS_DIR; };
		374203742A520EB700C233B6 /* AnimatedTextFieldApp.swift */ = {isa = PBXFileReference; lastKnownFileType = sourcecode.swift; path = AnimatedTextFieldApp.swift; sourceTree = "<group>"; };
		374203762A520EB700C233B6 /* ContentView.swift */ = {isa = PBXFileReference; lastKnownFileType = sourcecode.swift; path = ContentView.swift; sourceTree = "<group>"; };
		374203782A520EB800C233B6 /* Assets.xcassets */ = {isa = PBXFileReference; lastKnownFileType = folder.assetcatalog; path = Assets.xcassets; sourceTree = "<group>"; };
		3742037B2A520EB800C233B6 /* Preview Assets.xcassets */ = {isa = PBXFileReference; lastKnownFileType = folder.assetcatalog; path = "Preview Assets.xcassets"; sourceTree = "<group>"; };
		374203862A520F1100C233B6 /* MockHintData.swift */ = {isa = PBXFileReference; lastKnownFileType = sourcecode.swift; path = MockHintData.swift; sourceTree = "<group>"; };
		374203882A52184900C233B6 /* HintsCarouselView.swift */ = {isa = PBXFileReference; lastKnownFileType = sourcecode.swift; path = HintsCarouselView.swift; sourceTree = "<group>"; };
		3742038A2A521B2400C233B6 /* String+.swift */ = {isa = PBXFileReference; lastKnownFileType = sourcecode.swift; path = "String+.swift"; sourceTree = "<group>"; };
		3742038C2A52402C00C233B6 /* HintsTextField.swift */ = {isa = PBXFileReference; lastKnownFileType = sourcecode.swift; path = HintsTextField.swift; sourceTree = "<group>"; };
/* End PBXFileReference section */

/* Begin PBXFrameworksBuildPhase section */
		3742036E2A520EB700C233B6 /* Frameworks */ = {
			isa = PBXFrameworksBuildPhase;
			buildActionMask = 2147483647;
			files = (
			);
			runOnlyForDeploymentPostprocessing = 0;
		};
/* End PBXFrameworksBuildPhase section */

/* Begin PBXGroup section */
		374203682A520EB700C233B6 = {
			isa = PBXGroup;
			children = (
				374203732A520EB700C233B6 /* AnimatedTextField */,
				374203722A520EB700C233B6 /* Products */,
			);
			sourceTree = "<group>";
		};
		374203722A520EB700C233B6 /* Products */ = {
			isa = PBXGroup;
			children = (
				374203712A520EB700C233B6 /* AnimatedTextField.app */,
			);
			name = Products;
			sourceTree = "<group>";
		};
		374203732A520EB700C233B6 /* AnimatedTextField */ = {
			isa = PBXGroup;
			children = (
				374203742A520EB700C233B6 /* AnimatedTextFieldApp.swift */,
				374203782A520EB800C233B6 /* Assets.xcassets */,
				374203822A520ED300C233B6 /* Extensions */,
				374203832A520EDA00C233B6 /* Mock */,
				3742037A2A520EB800C233B6 /* Preview Content */,
				374203842A520EE000C233B6 /* Screens */,
				374203852A520EE700C233B6 /* Views */,
			);
			path = AnimatedTextField;
			sourceTree = "<group>";
		};
		3742037A2A520EB800C233B6 /* Preview Content */ = {
			isa = PBXGroup;
			children = (
				3742037B2A520EB800C233B6 /* Preview Assets.xcassets */,
			);
			path = "Preview Content";
			sourceTree = "<group>";
		};
		374203822A520ED300C233B6 /* Extensions */ = {
			isa = PBXGroup;
			children = (
				3742038A2A521B2400C233B6 /* String+.swift */,
			);
			path = Extensions;
			sourceTree = "<group>";
		};
		374203832A520EDA00C233B6 /* Mock */ = {
			isa = PBXGroup;
			children = (
				374203862A520F1100C233B6 /* MockHintData.swift */,
			);
			path = Mock;
			sourceTree = "<group>";
		};
		374203842A520EE000C233B6 /* Screens */ = {
			isa = PBXGroup;
			children = (
				374203762A520EB700C233B6 /* ContentView.swift */,
			);
			path = Screens;
			sourceTree = "<group>";
		};
		374203852A520EE700C233B6 /* Views */ = {
			isa = PBXGroup;
			children = (
				374203882A52184900C233B6 /* HintsCarouselView.swift */,
				3742038C2A52402C00C233B6 /* HintsTextField.swift */,
			);
			path = Views;
			sourceTree = "<group>";
		};
/* End PBXGroup section */

/* Begin PBXNativeTarget section */
		374203702A520EB700C233B6 /* AnimatedTextField */ = {
			isa = PBXNativeTarget;
			buildConfigurationList = 3742037F2A520EB800C233B6 /* Build configuration list for PBXNativeTarget "AnimatedTextField" */;
			buildPhases = (
				3742036D2A520EB700C233B6 /* Sources */,
				3742036E2A520EB700C233B6 /* Frameworks */,
				3742036F2A520EB700C233B6 /* Resources */,
			);
			buildRules = (
			);
			dependencies = (
			);
			name = AnimatedTextField;
			productName = AnimatedTextField;
			productReference = 374203712A520EB700C233B6 /* AnimatedTextField.app */;
			productType = "com.apple.product-type.application";
		};
/* End PBXNativeTarget section */

/* Begin PBXProject section */
		374203692A520EB700C233B6 /* Project object */ = {
			isa = PBXProject;
			attributes = {
				BuildIndependentTargetsInParallel = 1;
				LastSwiftUpdateCheck = 1500;
				LastUpgradeCheck = 1500;
				TargetAttributes = {
					374203702A520EB700C233B6 = {
						CreatedOnToolsVersion = 15.0;
					};
				};
			};
			buildConfigurationList = 3742036C2A520EB700C233B6 /* Build configuration list for PBXProject "AnimatedTextField" */;
			compatibilityVersion = "Xcode 14.0";
			developmentRegion = en;
			hasScannedForEncodings = 0;
			knownRegions = (
				en,
				Base,
			);
			mainGroup = 374203682A520EB700C233B6;
			productRefGroup = 374203722A520EB700C233B6 /* Products */;
			projectDirPath = "";
			projectRoot = "";
			targets = (
				374203702A520EB700C233B6 /* AnimatedTextField */,
			);
		};
/* End PBXProject section */

/* Begin PBXResourcesBuildPhase section */
		3742036F2A520EB700C233B6 /* Resources */ = {
			isa = PBXResourcesBuildPhase;
			buildActionMask = 2147483647;
			files = (
				3742037C2A520EB800C233B6 /* Preview Assets.xcassets in Resources */,
				374203792A520EB800C233B6 /* Assets.xcassets in Resources */,
			);
			runOnlyForDeploymentPostprocessing = 0;
		};
/* End PBXResourcesBuildPhase section */

/* Begin PBXSourcesBuildPhase section */
		3742036D2A520EB700C233B6 /* Sources */ = {
			isa = PBXSourcesBuildPhase;
			buildActionMask = 2147483647;
			files = (
				3742038D2A52402C00C233B6 /* HintsTextField.swift in Sources */,
				374203772A520EB700C233B6 /* ContentView.swift in Sources */,
				374203892A52184900C233B6 /* HintsCarouselView.swift in Sources */,
				3742038B2A521B2400C233B6 /* String+.swift in Sources */,
				374203752A520EB700C233B6 /* AnimatedTextFieldApp.swift in Sources */,
				374203872A520F1100C233B6 /* MockHintData.swift in Sources */,
			);
			runOnlyForDeploymentPostprocessing = 0;
		};
/* End PBXSourcesBuildPhase section */

/* Begin XCBuildConfiguration section */
		3742037D2A520EB800C233B6 /* Debug */ = {
			isa = XCBuildConfiguration;
			buildSettings = {
				ALWAYS_SEARCH_USER_PATHS = NO;
				ASSETCATALOG_COMPILER_GENERATE_SWIFT_ASSET_SYMBOL_EXTENSIONS = YES;
				CLANG_ANALYZER_NONNULL = YES;
				CLANG_ANALYZER_NUMBER_OBJECT_CONVERSION = YES_AGGRESSIVE;
				CLANG_CXX_LANGUAGE_STANDARD = "gnu++20";
				CLANG_ENABLE_MODULES = YES;
				CLANG_ENABLE_OBJC_ARC = YES;
				CLANG_ENABLE_OBJC_WEAK = YES;
				CLANG_WARN_BLOCK_CAPTURE_AUTORELEASING = YES;
				CLANG_WARN_BOOL_CONVERSION = YES;
				CLANG_WARN_COMMA = YES;
				CLANG_WARN_CONSTANT_CONVERSION = YES;
				CLANG_WARN_DEPRECATED_OBJC_IMPLEMENTATIONS = YES;
				CLANG_WARN_DIRECT_OBJC_ISA_USAGE = YES_ERROR;
				CLANG_WARN_DOCUMENTATION_COMMENTS = YES;
				CLANG_WARN_EMPTY_BODY = YES;
				CLANG_WARN_ENUM_CONVERSION = YES;
				CLANG_WARN_INFINITE_RECURSION = YES;
				CLANG_WARN_INT_CONVERSION = YES;
				CLANG_WARN_NON_LITERAL_NULL_CONVERSION = YES;
				CLANG_WARN_OBJC_IMPLICIT_RETAIN_SELF = YES;
				CLANG_WARN_OBJC_LITERAL_CONVERSION = YES;
				CLANG_WARN_OBJC_ROOT_CLASS = YES_ERROR;
				CLANG_WARN_QUOTED_INCLUDE_IN_FRAMEWORK_HEADER = YES;
				CLANG_WARN_RANGE_LOOP_ANALYSIS = YES;
				CLANG_WARN_STRICT_PROTOTYPES = YES;
				CLANG_WARN_SUSPICIOUS_MOVE = YES;
				CLANG_WARN_UNGUARDED_AVAILABILITY = YES_AGGRESSIVE;
				CLANG_WARN_UNREACHABLE_CODE = YES;
				CLANG_WARN__DUPLICATE_METHOD_MATCH = YES;
				COPY_PHASE_STRIP = NO;
				DEBUG_INFORMATION_FORMAT = dwarf;
				ENABLE_STRICT_OBJC_MSGSEND = YES;
				ENABLE_TESTABILITY = YES;
				ENABLE_USER_SCRIPT_SANDBOXING = YES;
				GCC_C_LANGUAGE_STANDARD = gnu17;
				GCC_DYNAMIC_NO_PIC = NO;
				GCC_NO_COMMON_BLOCKS = YES;
				GCC_OPTIMIZATION_LEVEL = 0;
				GCC_PREPROCESSOR_DEFINITIONS = (
					"DEBUG=1",
					"$(inherited)",
				);
				GCC_WARN_64_TO_32_BIT_CONVERSION = YES;
				GCC_WARN_ABOUT_RETURN_TYPE = YES_ERROR;
				GCC_WARN_UNDECLARED_SELECTOR = YES;
				GCC_WARN_UNINITIALIZED_AUTOS = YES_AGGRESSIVE;
				GCC_WARN_UNUSED_FUNCTION = YES;
				GCC_WARN_UNUSED_VARIABLE = YES;
				IPHONEOS_DEPLOYMENT_TARGET = 17.0;
				LOCALIZATION_PREFERS_STRING_CATALOGS = YES;
				MTL_ENABLE_DEBUG_INFO = INCLUDE_SOURCE;
				MTL_FAST_MATH = YES;
				ONLY_ACTIVE_ARCH = YES;
				SDKROOT = iphoneos;
				SWIFT_ACTIVE_COMPILATION_CONDITIONS = "DEBUG $(inherited)";
				SWIFT_OPTIMIZATION_LEVEL = "-Onone";
			};
			name = Debug;
		};
		3742037E2A520EB800C233B6 /* Release */ = {
			isa = XCBuildConfiguration;
			buildSettings = {
				ALWAYS_SEARCH_USER_PATHS = NO;
				ASSETCATALOG_COMPILER_GENERATE_SWIFT_ASSET_SYMBOL_EXTENSIONS = YES;
				CLANG_ANALYZER_NONNULL = YES;
				CLANG_ANALYZER_NUMBER_OBJECT_CONVERSION = YES_AGGRESSIVE;
				CLANG_CXX_LANGUAGE_STANDARD = "gnu++20";
				CLANG_ENABLE_MODULES = YES;
				CLANG_ENABLE_OBJC_ARC = YES;
				CLANG_ENABLE_OBJC_WEAK = YES;
				CLANG_WARN_BLOCK_CAPTURE_AUTORELEASING = YES;
				CLANG_WARN_BOOL_CONVERSION = YES;
				CLANG_WARN_COMMA = YES;
				CLANG_WARN_CONSTANT_CONVERSION = YES;
				CLANG_WARN_DEPRECATED_OBJC_IMPLEMENTATIONS = YES;
				CLANG_WARN_DIRECT_OBJC_ISA_USAGE = YES_ERROR;
				CLANG_WARN_DOCUMENTATION_COMMENTS = YES;
				CLANG_WARN_EMPTY_BODY = YES;
				CLANG_WARN_ENUM_CONVERSION = YES;
				CLANG_WARN_INFINITE_RECURSION = YES;
				CLANG_WARN_INT_CONVERSION = YES;
				CLANG_WARN_NON_LITERAL_NULL_CONVERSION = YES;
				CLANG_WARN_OBJC_IMPLICIT_RETAIN_SELF = YES;
				CLANG_WARN_OBJC_LITERAL_CONVERSION = YES;
				CLANG_WARN_OBJC_ROOT_CLASS = YES_ERROR;
				CLANG_WARN_QUOTED_INCLUDE_IN_FRAMEWORK_HEADER = YES;
				CLANG_WARN_RANGE_LOOP_ANALYSIS = YES;
				CLANG_WARN_STRICT_PROTOTYPES = YES;
				CLANG_WARN_SUSPICIOUS_MOVE = YES;
				CLANG_WARN_UNGUARDED_AVAILABILITY = YES_AGGRESSIVE;
				CLANG_WARN_UNREACHABLE_CODE = YES;
				CLANG_WARN__DUPLICATE_METHOD_MATCH = YES;
				COPY_PHASE_STRIP = NO;
				DEBUG_INFORMATION_FORMAT = "dwarf-with-dsym";
				ENABLE_NS_ASSERTIONS = NO;
				ENABLE_STRICT_OBJC_MSGSEND = YES;
				ENABLE_USER_SCRIPT_SANDBOXING = YES;
				GCC_C_LANGUAGE_STANDARD = gnu17;
				GCC_NO_COMMON_BLOCKS = YES;
				GCC_WARN_64_TO_32_BIT_CONVERSION = YES;
				GCC_WARN_ABOUT_RETURN_TYPE = YES_ERROR;
				GCC_WARN_UNDECLARED_SELECTOR = YES;
				GCC_WARN_UNINITIALIZED_AUTOS = YES_AGGRESSIVE;
				GCC_WARN_UNUSED_FUNCTION = YES;
				GCC_WARN_UNUSED_VARIABLE = YES;
				IPHONEOS_DEPLOYMENT_TARGET = 17.0;
				LOCALIZATION_PREFERS_STRING_CATALOGS = YES;
				MTL_ENABLE_DEBUG_INFO = NO;
				MTL_FAST_MATH = YES;
				SDKROOT = iphoneos;
				SWIFT_COMPILATION_MODE = wholemodule;
				VALIDATE_PRODUCT = YES;
			};
			name = Release;
		};
		374203802A520EB800C233B6 /* Debug */ = {
			isa = XCBuildConfiguration;
			buildSettings = {
				ASSETCATALOG_COMPILER_APPICON_NAME = AppIcon;
				ASSETCATALOG_COMPILER_GLOBAL_ACCENT_COLOR_NAME = AccentColor;
				CODE_SIGN_STYLE = Automatic;
				CURRENT_PROJECT_VERSION = 1;
				DEVELOPMENT_ASSET_PATHS = "\"AnimatedTextField/Preview Content\"";
				DEVELOPMENT_TEAM = D6VB3396MT;
				ENABLE_PREVIEWS = YES;
				GENERATE_INFOPLIST_FILE = YES;
				INFOPLIST_KEY_UIApplicationSceneManifest_Generation = YES;
				INFOPLIST_KEY_UIApplicationSupportsIndirectInputEvents = YES;
				INFOPLIST_KEY_UILaunchScreen_Generation = YES;
				INFOPLIST_KEY_UISupportedInterfaceOrientations_iPad = "UIInterfaceOrientationPortrait UIInterfaceOrientationPortraitUpsideDown UIInterfaceOrientationLandscapeLeft UIInterfaceOrientationLandscapeRight";
				INFOPLIST_KEY_UISupportedInterfaceOrientations_iPhone = "UIInterfaceOrientationPortrait UIInterfaceOrientationLandscapeLeft UIInterfaceOrientationLandscapeRight";
				LD_RUNPATH_SEARCH_PATHS = (
					"$(inherited)",
					"@executable_path/Frameworks",
				);
				MARKETING_VERSION = 1.0;
				PRODUCT_BUNDLE_IDENTIFIER = com.marlonraskin.AnimatedTextField;
				PRODUCT_NAME = "$(TARGET_NAME)";
				SWIFT_EMIT_LOC_STRINGS = YES;
				SWIFT_VERSION = 5.0;
				TARGETED_DEVICE_FAMILY = "1,2";
			};
			name = Debug;
		};
		374203812A520EB800C233B6 /* Release */ = {
			isa = XCBuildConfiguration;
			buildSettings = {
				ASSETCATALOG_COMPILER_APPICON_NAME = AppIcon;
				ASSETCATALOG_COMPILER_GLOBAL_ACCENT_COLOR_NAME = AccentColor;
				CODE_SIGN_STYLE = Automatic;
				CURRENT_PROJECT_VERSION = 1;
				DEVELOPMENT_ASSET_PATHS = "\"AnimatedTextField/Preview Content\"";
				DEVELOPMENT_TEAM = D6VB3396MT;
				ENABLE_PREVIEWS = YES;
				GENERATE_INFOPLIST_FILE = YES;
				INFOPLIST_KEY_UIApplicationSceneManifest_Generation = YES;
				INFOPLIST_KEY_UIApplicationSupportsIndirectInputEvents = YES;
				INFOPLIST_KEY_UILaunchScreen_Generation = YES;
				INFOPLIST_KEY_UISupportedInterfaceOrientations_iPad = "UIInterfaceOrientationPortrait UIInterfaceOrientationPortraitUpsideDown UIInterfaceOrientationLandscapeLeft UIInterfaceOrientationLandscapeRight";
				INFOPLIST_KEY_UISupportedInterfaceOrientations_iPhone = "UIInterfaceOrientationPortrait UIInterfaceOrientationLandscapeLeft UIInterfaceOrientationLandscapeRight";
				LD_RUNPATH_SEARCH_PATHS = (
					"$(inherited)",
					"@executable_path/Frameworks",
				);
				MARKETING_VERSION = 1.0;
				PRODUCT_BUNDLE_IDENTIFIER = com.marlonraskin.AnimatedTextField;
				PRODUCT_NAME = "$(TARGET_NAME)";
				SWIFT_EMIT_LOC_STRINGS = YES;
				SWIFT_VERSION = 5.0;
				TARGETED_DEVICE_FAMILY = "1,2";
			};
			name = Release;
		};
/* End XCBuildConfiguration section */

/* Begin XCConfigurationList section */
		3742036C2A520EB700C233B6 /* Build configuration list for PBXProject "AnimatedTextField" */ = {
			isa = XCConfigurationList;
			buildConfigurations = (
				3742037D2A520EB800C233B6 /* Debug */,
				3742037E2A520EB800C233B6 /* Release */,
			);
			defaultConfigurationIsVisible = 0;
			defaultConfigurationName = Release;
		};
		3742037F2A520EB800C233B6 /* Build configuration list for PBXNativeTarget "AnimatedTextField" */ = {
			isa = XCConfigurationList;
			buildConfigurations = (
				374203802A520EB800C233B6 /* Debug */,
				374203812A520EB800C233B6 /* Release */,
			);
			defaultConfigurationIsVisible = 0;
			defaultConfigurationName = Release;
		};
/* End XCConfigurationList section */
	};
	rootObject = 374203692A520EB700C233B6 /* Project object */;
}
